
Microsoft Visual Studio Solution File, Format Version 12.00
# Visual Studio 2012
Project("{FAE04EC0-301F-11D3-BF4B-00C04F79EFBC}") = "package_delivery_service", "package_delivery_service.csproj", "{015F9D3B-8A7C-49AE-A047-96688B81B108}"
EndProject
Global
	GlobalSection(SolutionConfigurationPlatforms) = preSolution
		Debug|x86 = Debug|x86
		Release|x86 = Release|x86
	EndGlobalSection
	GlobalSection(ProjectConfigurationPlatforms) = postSolution
		{015F9D3B-8A7C-49AE-A047-96688B81B108}.Debug|x86.ActiveCfg = Debug|x86
		{015F9D3B-8A7C-49AE-A047-96688B81B108}.Debug|x86.Build.0 = Debug|x86
		{015F9D3B-8A7C-49AE-A047-96688B81B108}.Release|x86.ActiveCfg = Release|x86
		{015F9D3B-8A7C-49AE-A047-96688B81B108}.Release|x86.Build.0 = Release|x86
	EndGlobalSection
EndGlobal
